// !$*UTF8*$!
{
	archiveVersion = 1;
	classes = {
	};
	objectVersion = 56;
	objects = {

/* Begin PBXBuildFile section */
		580F31AF2C20FB8D006E18AF /* RegisterScreen.xcassets in Resources */ = {isa = PBXBuildFile; fileRef = 580F31AE2C20FB8D006E18AF /* RegisterScreen.xcassets */; };
		583B78BC2C224B1B004F831A /* GoogleService-Info.plist in Resources */ = {isa = PBXBuildFile; fileRef = 583B78BB2C224B1B004F831A /* GoogleService-Info.plist */; };
		588F099F2C49BB3300B752F7 /* Alert.swift in Sources */ = {isa = PBXBuildFile; fileRef = 588F099E2C49BB3300B752F7 /* Alert.swift */; };
		588F09A22C5067F700B752F7 /* HomeScreen.swift in Sources */ = {isa = PBXBuildFile; fileRef = 588F09A12C5067F700B752F7 /* HomeScreen.swift */; };
		588F09A42C50680400B752F7 /* HomeViewController.swift in Sources */ = {isa = PBXBuildFile; fileRef = 588F09A32C50680400B752F7 /* HomeViewController.swift */; };
		58ADC6DE2C1F552C009A8011 /* RegisterScreen.swift in Sources */ = {isa = PBXBuildFile; fileRef = 58ADC6DD2C1F552C009A8011 /* RegisterScreen.swift */; };
		58ADC6E02C1F5536009A8011 /* RegisterViewController.swift in Sources */ = {isa = PBXBuildFile; fileRef = 58ADC6DF2C1F5536009A8011 /* RegisterViewController.swift */; };
		58DD732C2C61BCA700023B98 /* UserDetailTableViewCell.swift in Sources */ = {isa = PBXBuildFile; fileRef = 58DD732B2C61BCA700023B98 /* UserDetailTableViewCell.swift */; };
		58E527AA2C17CE140011A4EE /* AppDelegate.swift in Sources */ = {isa = PBXBuildFile; fileRef = 58E527A92C17CE140011A4EE /* AppDelegate.swift */; };
		58E527AC2C17CE140011A4EE /* SceneDelegate.swift in Sources */ = {isa = PBXBuildFile; fileRef = 58E527AB2C17CE140011A4EE /* SceneDelegate.swift */; };
		58E527AE2C17CE140011A4EE /* LoginViewController.swift in Sources */ = {isa = PBXBuildFile; fileRef = 58E527AD2C17CE140011A4EE /* LoginViewController.swift */; };
		58E527B32C17CE160011A4EE /* Assets.xcassets in Resources */ = {isa = PBXBuildFile; fileRef = 58E527B22C17CE160011A4EE /* Assets.xcassets */; };
		58E527B62C17CE160011A4EE /* LaunchScreen.storyboard in Resources */ = {isa = PBXBuildFile; fileRef = 58E527B42C17CE160011A4EE /* LaunchScreen.storyboard */; };
		58E527C12C17E6000011A4EE /* LoginScreen.swift in Sources */ = {isa = PBXBuildFile; fileRef = 58E527C02C17E6000011A4EE /* LoginScreen.swift */; };
		58F84C8E2C1BCEE800B3F451 /* LoginScreen.xcassets in Resources */ = {isa = PBXBuildFile; fileRef = 58F84C8D2C1BCEE800B3F451 /* LoginScreen.xcassets */; };
		E45FE90FA09E11D4150656B0 /* Pods_Login.framework in Frameworks */ = {isa = PBXBuildFile; fileRef = 779CDE83A8C5A07FBBD31255 /* Pods_Login.framework */; };
/* End PBXBuildFile section */

/* Begin PBXFileReference section */
		0352B054DA4D7B7D8E815818 /* Pods-Login.debug.xcconfig */ = {isa = PBXFileReference; includeInIndex = 1; lastKnownFileType = text.xcconfig; name = "Pods-Login.debug.xcconfig"; path = "Target Support Files/Pods-Login/Pods-Login.debug.xcconfig"; sourceTree = "<group>"; };
		580F31AE2C20FB8D006E18AF /* RegisterScreen.xcassets */ = {isa = PBXFileReference; lastKnownFileType = folder.assetcatalog; path = RegisterScreen.xcassets; sourceTree = "<group>"; };
		583B78BB2C224B1B004F831A /* GoogleService-Info.plist */ = {isa = PBXFileReference; fileEncoding = 4; lastKnownFileType = text.plist.xml; path = "GoogleService-Info.plist"; sourceTree = "<group>"; };
		588F099E2C49BB3300B752F7 /* Alert.swift */ = {isa = PBXFileReference; lastKnownFileType = sourcecode.swift; path = Alert.swift; sourceTree = "<group>"; };
		588F09A12C5067F700B752F7 /* HomeScreen.swift */ = {isa = PBXFileReference; lastKnownFileType = sourcecode.swift; path = HomeScreen.swift; sourceTree = "<group>"; };
		588F09A32C50680400B752F7 /* HomeViewController.swift */ = {isa = PBXFileReference; lastKnownFileType = sourcecode.swift; path = HomeViewController.swift; sourceTree = "<group>"; };
		58ADC6DD2C1F552C009A8011 /* RegisterScreen.swift */ = {isa = PBXFileReference; lastKnownFileType = sourcecode.swift; path = RegisterScreen.swift; sourceTree = "<group>"; };
		58ADC6DF2C1F5536009A8011 /* RegisterViewController.swift */ = {isa = PBXFileReference; lastKnownFileType = sourcecode.swift; path = RegisterViewController.swift; sourceTree = "<group>"; };
		58DD732B2C61BCA700023B98 /* UserDetailTableViewCell.swift */ = {isa = PBXFileReference; lastKnownFileType = sourcecode.swift; path = UserDetailTableViewCell.swift; sourceTree = "<group>"; };
		58E527A62C17CE140011A4EE /* Login.app */ = {isa = PBXFileReference; explicitFileType = wrapper.application; includeInIndex = 0; path = Login.app; sourceTree = BUILT_PRODUCTS_DIR; };
		58E527A92C17CE140011A4EE /* AppDelegate.swift */ = {isa = PBXFileReference; lastKnownFileType = sourcecode.swift; path = AppDelegate.swift; sourceTree = "<group>"; };
		58E527AB2C17CE140011A4EE /* SceneDelegate.swift */ = {isa = PBXFileReference; lastKnownFileType = sourcecode.swift; path = SceneDelegate.swift; sourceTree = "<group>"; };
		58E527AD2C17CE140011A4EE /* LoginViewController.swift */ = {isa = PBXFileReference; lastKnownFileType = sourcecode.swift; path = LoginViewController.swift; sourceTree = "<group>"; };
		58E527B22C17CE160011A4EE /* Assets.xcassets */ = {isa = PBXFileReference; lastKnownFileType = folder.assetcatalog; path = Assets.xcassets; sourceTree = "<group>"; };
		58E527B52C17CE160011A4EE /* Base */ = {isa = PBXFileReference; lastKnownFileType = file.storyboard; name = Base; path = Base.lproj/LaunchScreen.storyboard; sourceTree = "<group>"; };
		58E527B72C17CE160011A4EE /* Info.plist */ = {isa = PBXFileReference; lastKnownFileType = text.plist.xml; path = Info.plist; sourceTree = "<group>"; };
		58E527C02C17E6000011A4EE /* LoginScreen.swift */ = {isa = PBXFileReference; lastKnownFileType = sourcecode.swift; path = LoginScreen.swift; sourceTree = "<group>"; };
		58F84C8D2C1BCEE800B3F451 /* LoginScreen.xcassets */ = {isa = PBXFileReference; lastKnownFileType = folder.assetcatalog; path = LoginScreen.xcassets; sourceTree = "<group>"; };
		779CDE83A8C5A07FBBD31255 /* Pods_Login.framework */ = {isa = PBXFileReference; explicitFileType = wrapper.framework; includeInIndex = 0; path = Pods_Login.framework; sourceTree = BUILT_PRODUCTS_DIR; };
		FBE1B8A1982DEFD586A844A0 /* Pods-Login.release.xcconfig */ = {isa = PBXFileReference; includeInIndex = 1; lastKnownFileType = text.xcconfig; name = "Pods-Login.release.xcconfig"; path = "Target Support Files/Pods-Login/Pods-Login.release.xcconfig"; sourceTree = "<group>"; };
/* End PBXFileReference section */

/* Begin PBXFrameworksBuildPhase section */
		58E527A32C17CE140011A4EE /* Frameworks */ = {
			isa = PBXFrameworksBuildPhase;
			buildActionMask = 2147483647;
			files = (
				E45FE90FA09E11D4150656B0 /* Pods_Login.framework in Frameworks */,
			);
			runOnlyForDeploymentPostprocessing = 0;
		};
/* End PBXFrameworksBuildPhase section */

/* Begin PBXGroup section */
		588F099D2C49BB2500B752F7 /* Alert */ = {
			isa = PBXGroup;
			children = (
				588F099E2C49BB3300B752F7 /* Alert.swift */,
			);
			path = Alert;
			sourceTree = "<group>";
		};
		588F09A02C5067DE00B752F7 /* Home */ = {
			isa = PBXGroup;
			children = (
				58DD732D2C65805200023B98 /* Model */,
				58DD73282C61BC6300023B98 /* Cell */,
				588F09A12C5067F700B752F7 /* HomeScreen.swift */,
				588F09A32C50680400B752F7 /* HomeViewController.swift */,
			);
			path = Home;
			sourceTree = "<group>";
		};
		58ADC6DC2C1F54DD009A8011 /* Register */ = {
			isa = PBXGroup;
			children = (
				58ADC6DD2C1F552C009A8011 /* RegisterScreen.swift */,
				58ADC6DF2C1F5536009A8011 /* RegisterViewController.swift */,
				580F31AE2C20FB8D006E18AF /* RegisterScreen.xcassets */,
			);
			path = Register;
			sourceTree = "<group>";
		};
		58DD73282C61BC6300023B98 /* Cell */ = {
			isa = PBXGroup;
			children = (
				58DD732B2C61BCA700023B98 /* UserDetailTableViewCell.swift */,
			);
			path = Cell;
			sourceTree = "<group>";
		};
		58DD732D2C65805200023B98 /* Model */ = {
			isa = PBXGroup;
			children = (
			);
			path = Model;
			sourceTree = "<group>";
		};
		58E5279D2C17CE140011A4EE = {
			isa = PBXGroup;
			children = (
				58E527A82C17CE140011A4EE /* Login */,
				58E527A72C17CE140011A4EE /* Products */,
				8D3785C3A3894B764947C0AE /* Pods */,
				CB8ECA8C3449B6EFE736F8D8 /* Frameworks */,
			);
			sourceTree = "<group>";
		};
		58E527A72C17CE140011A4EE /* Products */ = {
			isa = PBXGroup;
			children = (
				58E527A62C17CE140011A4EE /* Login.app */,
			);
			name = Products;
			sourceTree = "<group>";
		};
		58E527A82C17CE140011A4EE /* Login */ = {
			isa = PBXGroup;
			children = (
				583B78BB2C224B1B004F831A /* GoogleService-Info.plist */,
				588F099D2C49BB2500B752F7 /* Alert */,
				588F09A02C5067DE00B752F7 /* Home */,
				58ADC6DC2C1F54DD009A8011 /* Register */,
				58E527BD2C17E5870011A4EE /* Login */,
				58E527A92C17CE140011A4EE /* AppDelegate.swift */,
				58E527AB2C17CE140011A4EE /* SceneDelegate.swift */,
				58E527B22C17CE160011A4EE /* Assets.xcassets */,
				58E527B42C17CE160011A4EE /* LaunchScreen.storyboard */,
				58E527B72C17CE160011A4EE /* Info.plist */,
			);
			path = Login;
			sourceTree = "<group>";
		};
		58E527BD2C17E5870011A4EE /* Login */ = {
			isa = PBXGroup;
			children = (
				58E527AD2C17CE140011A4EE /* LoginViewController.swift */,
				58E527C02C17E6000011A4EE /* LoginScreen.swift */,
				58F84C8D2C1BCEE800B3F451 /* LoginScreen.xcassets */,
			);
			path = Login;
			sourceTree = "<group>";
		};
		8D3785C3A3894B764947C0AE /* Pods */ = {
			isa = PBXGroup;
			children = (
				0352B054DA4D7B7D8E815818 /* Pods-Login.debug.xcconfig */,
				FBE1B8A1982DEFD586A844A0 /* Pods-Login.release.xcconfig */,
			);
			path = Pods;
			sourceTree = "<group>";
		};
		CB8ECA8C3449B6EFE736F8D8 /* Frameworks */ = {
			isa = PBXGroup;
			children = (
				779CDE83A8C5A07FBBD31255 /* Pods_Login.framework */,
			);
			name = Frameworks;
			sourceTree = "<group>";
		};
/* End PBXGroup section */

/* Begin PBXNativeTarget section */
		58E527A52C17CE140011A4EE /* Login */ = {
			isa = PBXNativeTarget;
			buildConfigurationList = 58E527BA2C17CE160011A4EE /* Build configuration list for PBXNativeTarget "Login" */;
			buildPhases = (
				0D3A57EC2F707DE3EC66C6DF /* [CP] Check Pods Manifest.lock */,
				58E527A22C17CE140011A4EE /* Sources */,
				58E527A32C17CE140011A4EE /* Frameworks */,
				58E527A42C17CE140011A4EE /* Resources */,
				72588FFDFDD73DD50AC6DCCE /* [CP] Embed Pods Frameworks */,
			);
			buildRules = (
			);
			dependencies = (
			);
			name = Login;
			productName = Login;
			productReference = 58E527A62C17CE140011A4EE /* Login.app */;
			productType = "com.apple.product-type.application";
		};
/* End PBXNativeTarget section */

/* Begin PBXProject section */
		58E5279E2C17CE140011A4EE /* Project object */ = {
			isa = PBXProject;
			attributes = {
				BuildIndependentTargetsInParallel = 1;
				LastSwiftUpdateCheck = 1520;
				LastUpgradeCheck = 1520;
				TargetAttributes = {
					58E527A52C17CE140011A4EE = {
						CreatedOnToolsVersion = 15.2;
					};
				};
			};
			buildConfigurationList = 58E527A12C17CE140011A4EE /* Build configuration list for PBXProject "Login" */;
			compatibilityVersion = "Xcode 14.0";
			developmentRegion = en;
			hasScannedForEncodings = 0;
			knownRegions = (
				en,
				Base,
			);
			mainGroup = 58E5279D2C17CE140011A4EE;
			productRefGroup = 58E527A72C17CE140011A4EE /* Products */;
			projectDirPath = "";
			projectRoot = "";
			targets = (
				58E527A52C17CE140011A4EE /* Login */,
			);
		};
/* End PBXProject section */

/* Begin PBXResourcesBuildPhase section */
		58E527A42C17CE140011A4EE /* Resources */ = {
			isa = PBXResourcesBuildPhase;
			buildActionMask = 2147483647;
			files = (
				580F31AF2C20FB8D006E18AF /* RegisterScreen.xcassets in Resources */,
				58F84C8E2C1BCEE800B3F451 /* LoginScreen.xcassets in Resources */,
				583B78BC2C224B1B004F831A /* GoogleService-Info.plist in Resources */,
				58E527B62C17CE160011A4EE /* LaunchScreen.storyboard in Resources */,
				58E527B32C17CE160011A4EE /* Assets.xcassets in Resources */,
			);
			runOnlyForDeploymentPostprocessing = 0;
		};
/* End PBXResourcesBuildPhase section */

/* Begin PBXShellScriptBuildPhase section */
		0D3A57EC2F707DE3EC66C6DF /* [CP] Check Pods Manifest.lock */ = {
			isa = PBXShellScriptBuildPhase;
			buildActionMask = 2147483647;
			files = (
			);
			inputFileListPaths = (
			);
			inputPaths = (
				"${PODS_PODFILE_DIR_PATH}/Podfile.lock",
				"${PODS_ROOT}/Manifest.lock",
			);
			name = "[CP] Check Pods Manifest.lock";
			outputFileListPaths = (
			);
			outputPaths = (
				"$(DERIVED_FILE_DIR)/Pods-Login-checkManifestLockResult.txt",
			);
			runOnlyForDeploymentPostprocessing = 0;
			shellPath = /bin/sh;
			shellScript = "diff \"${PODS_PODFILE_DIR_PATH}/Podfile.lock\" \"${PODS_ROOT}/Manifest.lock\" > /dev/null\nif [ $? != 0 ] ; then\n    # print error to STDERR\n    echo \"error: The sandbox is not in sync with the Podfile.lock. Run 'pod install' or update your CocoaPods installation.\" >&2\n    exit 1\nfi\n# This output is used by Xcode 'outputs' to avoid re-running this script phase.\necho \"SUCCESS\" > \"${SCRIPT_OUTPUT_FILE_0}\"\n";
			showEnvVarsInLog = 0;
		};
		72588FFDFDD73DD50AC6DCCE /* [CP] Embed Pods Frameworks */ = {
			isa = PBXShellScriptBuildPhase;
			buildActionMask = 2147483647;
			files = (
			);
			inputFileListPaths = (
				"${PODS_ROOT}/Target Support Files/Pods-Login/Pods-Login-frameworks-${CONFIGURATION}-input-files.xcfilelist",
			);
			name = "[CP] Embed Pods Frameworks";
			outputFileListPaths = (
				"${PODS_ROOT}/Target Support Files/Pods-Login/Pods-Login-frameworks-${CONFIGURATION}-output-files.xcfilelist",
			);
			runOnlyForDeploymentPostprocessing = 0;
			shellPath = /bin/sh;
			shellScript = "\"${PODS_ROOT}/Target Support Files/Pods-Login/Pods-Login-frameworks.sh\"\n";
			showEnvVarsInLog = 0;
		};
/* End PBXShellScriptBuildPhase section */

/* Begin PBXSourcesBuildPhase section */
		58E527A22C17CE140011A4EE /* Sources */ = {
			isa = PBXSourcesBuildPhase;
			buildActionMask = 2147483647;
			files = (
				58ADC6DE2C1F552C009A8011 /* RegisterScreen.swift in Sources */,
				58E527AE2C17CE140011A4EE /* LoginViewController.swift in Sources */,
				58E527C12C17E6000011A4EE /* LoginScreen.swift in Sources */,
				58ADC6E02C1F5536009A8011 /* RegisterViewController.swift in Sources */,
				588F09A22C5067F700B752F7 /* HomeScreen.swift in Sources */,
				58DD732C2C61BCA700023B98 /* UserDetailTableViewCell.swift in Sources */,
				588F09A42C50680400B752F7 /* HomeViewController.swift in Sources */,
				58E527AA2C17CE140011A4EE /* AppDelegate.swift in Sources */,
				58E527AC2C17CE140011A4EE /* SceneDelegate.swift in Sources */,
				588F099F2C49BB3300B752F7 /* Alert.swift in Sources */,
			);
			runOnlyForDeploymentPostprocessing = 0;
		};
/* End PBXSourcesBuildPhase section */

/* Begin PBXVariantGroup section */
		58E527B42C17CE160011A4EE /* LaunchScreen.storyboard */ = {
			isa = PBXVariantGroup;
			children = (
				58E527B52C17CE160011A4EE /* Base */,
			);
			name = LaunchScreen.storyboard;
			sourceTree = "<group>";
		};
/* End PBXVariantGroup section */

/* Begin XCBuildConfiguration section */
		58E527B82C17CE160011A4EE /* Debug */ = {
			isa = XCBuildConfiguration;
			buildSettings = {
				ALWAYS_SEARCH_USER_PATHS = NO;
				ASSETCATALOG_COMPILER_GENERATE_SWIFT_ASSET_SYMBOL_EXTENSIONS = YES;
				CLANG_ANALYZER_NONNULL = YES;
				CLANG_ANALYZER_NUMBER_OBJECT_CONVERSION = YES_AGGRESSIVE;
				CLANG_CXX_LANGUAGE_STANDARD = "gnu++20";
				CLANG_ENABLE_MODULES = YES;
				CLANG_ENABLE_OBJC_ARC = YES;
				CLANG_ENABLE_OBJC_WEAK = YES;
				CLANG_WARN_BLOCK_CAPTURE_AUTORELEASING = YES;
				CLANG_WARN_BOOL_CONVERSION = YES;
				CLANG_WARN_COMMA = YES;
				CLANG_WARN_CONSTANT_CONVERSION = YES;
				CLANG_WARN_DEPRECATED_OBJC_IMPLEMENTATIONS = YES;
				CLANG_WARN_DIRECT_OBJC_ISA_USAGE = YES_ERROR;
				CLANG_WARN_DOCUMENTATION_COMMENTS = YES;
				CLANG_WARN_EMPTY_BODY = YES;
				CLANG_WARN_ENUM_CONVERSION = YES;
				CLANG_WARN_INFINITE_RECURSION = YES;
				CLANG_WARN_INT_CONVERSION = YES;
				CLANG_WARN_NON_LITERAL_NULL_CONVERSION = YES;
				CLANG_WARN_OBJC_IMPLICIT_RETAIN_SELF = YES;
				CLANG_WARN_OBJC_LITERAL_CONVERSION = YES;
				CLANG_WARN_OBJC_ROOT_CLASS = YES_ERROR;
				CLANG_WARN_QUOTED_INCLUDE_IN_FRAMEWORK_HEADER = YES;
				CLANG_WARN_RANGE_LOOP_ANALYSIS = YES;
				CLANG_WARN_STRICT_PROTOTYPES = YES;
				CLANG_WARN_SUSPICIOUS_MOVE = YES;
				CLANG_WARN_UNGUARDED_AVAILABILITY = YES_AGGRESSIVE;
				CLANG_WARN_UNREACHABLE_CODE = YES;
				CLANG_WARN__DUPLICATE_METHOD_MATCH = YES;
				COPY_PHASE_STRIP = NO;
				DEBUG_INFORMATION_FORMAT = dwarf;
				ENABLE_STRICT_OBJC_MSGSEND = YES;
				ENABLE_TESTABILITY = YES;
				ENABLE_USER_SCRIPT_SANDBOXING = NO;
				GCC_C_LANGUAGE_STANDARD = gnu17;
				GCC_DYNAMIC_NO_PIC = NO;
				GCC_NO_COMMON_BLOCKS = YES;
				GCC_OPTIMIZATION_LEVEL = 0;
				GCC_PREPROCESSOR_DEFINITIONS = (
					"DEBUG=1",
					"$(inherited)",
				);
				GCC_WARN_64_TO_32_BIT_CONVERSION = YES;
				GCC_WARN_ABOUT_RETURN_TYPE = YES_ERROR;
				GCC_WARN_UNDECLARED_SELECTOR = YES;
				GCC_WARN_UNINITIALIZED_AUTOS = YES_AGGRESSIVE;
				GCC_WARN_UNUSED_FUNCTION = YES;
				GCC_WARN_UNUSED_VARIABLE = YES;
				IPHONEOS_DEPLOYMENT_TARGET = 17.2;
				LOCALIZATION_PREFERS_STRING_CATALOGS = YES;
				MTL_ENABLE_DEBUG_INFO = INCLUDE_SOURCE;
				MTL_FAST_MATH = YES;
				ONLY_ACTIVE_ARCH = YES;
				SDKROOT = iphoneos;
				SWIFT_ACTIVE_COMPILATION_CONDITIONS = "DEBUG $(inherited)";
				SWIFT_OPTIMIZATION_LEVEL = "-Onone";
			};
			name = Debug;
		};
		58E527B92C17CE160011A4EE /* Release */ = {
			isa = XCBuildConfiguration;
			buildSettings = {
				ALWAYS_SEARCH_USER_PATHS = NO;
				ASSETCATALOG_COMPILER_GENERATE_SWIFT_ASSET_SYMBOL_EXTENSIONS = YES;
				CLANG_ANALYZER_NONNULL = YES;
				CLANG_ANALYZER_NUMBER_OBJECT_CONVERSION = YES_AGGRESSIVE;
				CLANG_CXX_LANGUAGE_STANDARD = "gnu++20";
				CLANG_ENABLE_MODULES = YES;
				CLANG_ENABLE_OBJC_ARC = YES;
				CLANG_ENABLE_OBJC_WEAK = YES;
				CLANG_WARN_BLOCK_CAPTURE_AUTORELEASING = YES;
				CLANG_WARN_BOOL_CONVERSION = YES;
				CLANG_WARN_COMMA = YES;
				CLANG_WARN_CONSTANT_CONVERSION = YES;
				CLANG_WARN_DEPRECATED_OBJC_IMPLEMENTATIONS = YES;
				CLANG_WARN_DIRECT_OBJC_ISA_USAGE = YES_ERROR;
				CLANG_WARN_DOCUMENTATION_COMMENTS = YES;
				CLANG_WARN_EMPTY_BODY = YES;
				CLANG_WARN_ENUM_CONVERSION = YES;
				CLANG_WARN_INFINITE_RECURSION = YES;
				CLANG_WARN_INT_CONVERSION = YES;
				CLANG_WARN_NON_LITERAL_NULL_CONVERSION = YES;
				CLANG_WARN_OBJC_IMPLICIT_RETAIN_SELF = YES;
				CLANG_WARN_OBJC_LITERAL_CONVERSION = YES;
				CLANG_WARN_OBJC_ROOT_CLASS = YES_ERROR;
				CLANG_WARN_QUOTED_INCLUDE_IN_FRAMEWORK_HEADER = YES;
				CLANG_WARN_RANGE_LOOP_ANALYSIS = YES;
				CLANG_WARN_STRICT_PROTOTYPES = YES;
				CLANG_WARN_SUSPICIOUS_MOVE = YES;
				CLANG_WARN_UNGUARDED_AVAILABILITY = YES_AGGRESSIVE;
				CLANG_WARN_UNREACHABLE_CODE = YES;
				CLANG_WARN__DUPLICATE_METHOD_MATCH = YES;
				COPY_PHASE_STRIP = NO;
				DEBUG_INFORMATION_FORMAT = "dwarf-with-dsym";
				ENABLE_NS_ASSERTIONS = NO;
				ENABLE_STRICT_OBJC_MSGSEND = YES;
				ENABLE_USER_SCRIPT_SANDBOXING = NO;
				GCC_C_LANGUAGE_STANDARD = gnu17;
				GCC_NO_COMMON_BLOCKS = YES;
				GCC_WARN_64_TO_32_BIT_CONVERSION = YES;
				GCC_WARN_ABOUT_RETURN_TYPE = YES_ERROR;
				GCC_WARN_UNDECLARED_SELECTOR = YES;
				GCC_WARN_UNINITIALIZED_AUTOS = YES_AGGRESSIVE;
				GCC_WARN_UNUSED_FUNCTION = YES;
				GCC_WARN_UNUSED_VARIABLE = YES;
				IPHONEOS_DEPLOYMENT_TARGET = 17.2;
				LOCALIZATION_PREFERS_STRING_CATALOGS = YES;
				MTL_ENABLE_DEBUG_INFO = NO;
				MTL_FAST_MATH = YES;
				SDKROOT = iphoneos;
				SWIFT_COMPILATION_MODE = wholemodule;
				VALIDATE_PRODUCT = YES;
			};
			name = Release;
		};
		58E527BB2C17CE160011A4EE /* Debug */ = {
			isa = XCBuildConfiguration;
			baseConfigurationReference = 0352B054DA4D7B7D8E815818 /* Pods-Login.debug.xcconfig */;
			buildSettings = {
				ASSETCATALOG_COMPILER_APPICON_NAME = AppIcon;
				ASSETCATALOG_COMPILER_GLOBAL_ACCENT_COLOR_NAME = AccentColor;
				CODE_SIGN_STYLE = Automatic;
				CURRENT_PROJECT_VERSION = 1;
				GENERATE_INFOPLIST_FILE = YES;
				INFOPLIST_FILE = Login/Info.plist;
				INFOPLIST_KEY_UIApplicationSupportsIndirectInputEvents = YES;
				INFOPLIST_KEY_UILaunchStoryboardName = LaunchScreen;
				INFOPLIST_KEY_UIStatusBarStyle = "";
				INFOPLIST_KEY_UISupportedInterfaceOrientations_iPad = "UIInterfaceOrientationPortrait UIInterfaceOrientationPortraitUpsideDown UIInterfaceOrientationLandscapeLeft UIInterfaceOrientationLandscapeRight";
				INFOPLIST_KEY_UISupportedInterfaceOrientations_iPhone = "UIInterfaceOrientationPortrait UIInterfaceOrientationLandscapeLeft UIInterfaceOrientationLandscapeRight";
				LD_RUNPATH_SEARCH_PATHS = (
					"$(inherited)",
					"@executable_path/Frameworks",
				);
				MARKETING_VERSION = 1.0;
				PRODUCT_BUNDLE_IDENTIFIER = br.com.JoaoPedro.Login;
				PRODUCT_NAME = "$(TARGET_NAME)";
				SUPPORTED_PLATFORMS = "iphoneos iphonesimulator";
				SUPPORTS_MACCATALYST = NO;
				SUPPORTS_MAC_DESIGNED_FOR_IPHONE_IPAD = NO;
				SUPPORTS_XR_DESIGNED_FOR_IPHONE_IPAD = NO;
				SWIFT_EMIT_LOC_STRINGS = YES;
				SWIFT_VERSION = 5.0;
				TARGETED_DEVICE_FAMILY = 1;
			};
			name = Debug;
		};
		58E527BC2C17CE160011A4EE /* Release */ = {
			isa = XCBuildConfiguration;
			baseConfigurationReference = FBE1B8A1982DEFD586A844A0 /* Pods-Login.release.xcconfig */;
			buildSettings = {
				ASSETCATALOG_COMPILER_APPICON_NAME = AppIcon;
				ASSETCATALOG_COMPILER_GLOBAL_ACCENT_COLOR_NAME = AccentColor;
				CODE_SIGN_STYLE = Automatic;
				CURRENT_PROJECT_VERSION = 1;
				GENERATE_INFOPLIST_FILE = YES;
				INFOPLIST_FILE = Login/Info.plist;
				INFOPLIST_KEY_UIApplicationSupportsIndirectInputEvents = YES;
				INFOPLIST_KEY_UILaunchStoryboardName = LaunchScreen;
				INFOPLIST_KEY_UIStatusBarStyle = "";
				INFOPLIST_KEY_UISupportedInterfaceOrientations_iPad = "UIInterfaceOrientationPortrait UIInterfaceOrientationPortraitUpsideDown UIInterfaceOrientationLandscapeLeft UIInterfaceOrientationLandscapeRight";
				INFOPLIST_KEY_UISupportedInterfaceOrientations_iPhone = "UIInterfaceOrientationPortrait UIInterfaceOrientationLandscapeLeft UIInterfaceOrientationLandscapeRight";
				LD_RUNPATH_SEARCH_PATHS = (
					"$(inherited)",
					"@executable_path/Frameworks",
				);
				MARKETING_VERSION = 1.0;
				PRODUCT_BUNDLE_IDENTIFIER = br.com.JoaoPedro.Login;
				PRODUCT_NAME = "$(TARGET_NAME)";
				SUPPORTED_PLATFORMS = "iphoneos iphonesimulator";
				SUPPORTS_MACCATALYST = NO;
				SUPPORTS_MAC_DESIGNED_FOR_IPHONE_IPAD = NO;
				SUPPORTS_XR_DESIGNED_FOR_IPHONE_IPAD = NO;
				SWIFT_EMIT_LOC_STRINGS = YES;
				SWIFT_VERSION = 5.0;
				TARGETED_DEVICE_FAMILY = 1;
			};
			name = Release;
		};
/* End XCBuildConfiguration section */

/* Begin XCConfigurationList section */
		58E527A12C17CE140011A4EE /* Build configuration list for PBXProject "Login" */ = {
			isa = XCConfigurationList;
			buildConfigurations = (
				58E527B82C17CE160011A4EE /* Debug */,
				58E527B92C17CE160011A4EE /* Release */,
			);
			defaultConfigurationIsVisible = 0;
			defaultConfigurationName = Release;
		};
		58E527BA2C17CE160011A4EE /* Build configuration list for PBXNativeTarget "Login" */ = {
			isa = XCConfigurationList;
			buildConfigurations = (
				58E527BB2C17CE160011A4EE /* Debug */,
				58E527BC2C17CE160011A4EE /* Release */,
			);
			defaultConfigurationIsVisible = 0;
			defaultConfigurationName = Release;
		};
/* End XCConfigurationList section */
	};
	rootObject = 58E5279E2C17CE140011A4EE /* Project object */;
}
